<?xml version="1.0" encoding="utf-8"?>
<Project ToolsVersion="4.0" xmlns="http://schemas.microsoft.com/developer/msbuild/2003">
  <ItemGroup>
    <Filter Include="src">
      <UniqueIdentifier>{c9725714-7931-48d9-ad2a-bc0c167feed5}</UniqueIdentifier>
    </Filter>
    <Filter Include="sqlite">
      <UniqueIdentifier>{5bca8af7-537d-4486-9c25-13f7aaebfa3f}</UniqueIdentifier>
    </Filter>
    <Filter Include="src\sqt">
      <UniqueIdentifier>{aed0e198-da26-44c6-b978-b8ddfeadbb5f}</UniqueIdentifier>
    </Filter>
    <Filter Include="src\sqt\orm">
      <UniqueIdentifier>{4099a156-4bb9-45a4-8006-3a13c1517cd5}</UniqueIdentifier>
    </Filter>
    <Filter Include="src\sqt\orm\utility">
      <UniqueIdentifier>{f81443f2-ead3-4971-874c-acf471aa03a1}</UniqueIdentifier>
    </Filter>
    <Filter Include="src\sqt\orm\executor">
      <UniqueIdentifier>{c4416396-feb8-460f-8c83-c71798422f5e}</UniqueIdentifier>
    </Filter>
    <Filter Include="src\sqt\orm\expression">
      <UniqueIdentifier>{16a8be46-0029-4a38-9945-0de85d95806b}</UniqueIdentifier>
    </Filter>
    <Filter Include="src\sqt\orm\querier">
      <UniqueIdentifier>{f1ac8a31-e33e-43f8-a57e-4e68ea8bf7a8}</UniqueIdentifier>
    </Filter>
    <Filter Include="src\sqt\orm\querier\selecter">
      <UniqueIdentifier>{f217c39a-aa86-4815-a5d1-1e052b3cccff}</UniqueIdentifier>
    </Filter>
    <Filter Include="src\sqt\foundation">
      <UniqueIdentifier>{b58c6c96-efe2-411b-bb84-d43aa99ab0d8}</UniqueIdentifier>
    </Filter>
    <Filter Include="src\sqt\orm\table">
      <UniqueIdentifier>{9815fec2-0a59-4753-8c2d-798b2db55973}</UniqueIdentifier>
    </Filter>
    <Filter Include="src\sqt\orm\internal">
      <UniqueIdentifier>{15853671-0fad-4629-ba12-b1286265c6c5}</UniqueIdentifier>
    </Filter>
    <Filter Include="src\sqt\orm\querier\inserter">
      <UniqueIdentifier>{6c97785b-d4d2-4f10-98fd-7662e023f41b}</UniqueIdentifier>
    </Filter>
    <Filter Include="src\sqt\orm\expression\operand">
      <UniqueIdentifier>{dd4d8ab9-1884-4648-b551-8660a4c0b7a3}</UniqueIdentifier>
    </Filter>
    <Filter Include="src\sqt\orm\expression\binder">
      <UniqueIdentifier>{e62c141f-9f8c-4004-8327-a0f74e65b0b3}</UniqueIdentifier>
    </Filter>
    <Filter Include="src\sqt\orm\value">
      <UniqueIdentifier>{9902a23c-7f16-4fd1-a49f-ff2a4150d397}</UniqueIdentifier>
    </Filter>
    <Filter Include="src\sqt\orm\querier\updater">
      <UniqueIdentifier>{fe84c8cc-fb88-48bd-a184-5ff9846e12b6}</UniqueIdentifier>
    </Filter>
    <Filter Include="src\sqt\orm\querier\deleter">
      <UniqueIdentifier>{72ff51d6-055f-49bf-808c-cc9e447c3b0c}</UniqueIdentifier>
    </Filter>
    <Filter Include="src\sqt\orm\table\column">
      <UniqueIdentifier>{f5527c64-5b4d-467b-ac0d-58dde6c7d9fe}</UniqueIdentifier>
    </Filter>
    <Filter Include="src\sqt\orm\value\trivial">
      <UniqueIdentifier>{ed61390f-230e-4077-bd13-1b5265d18cf1}</UniqueIdentifier>
    </Filter>
    <Filter Include="src\sqt\orm\value\trivial\composite">
      <UniqueIdentifier>{4dd4380d-8c61-4317-8d5b-d7150ee51c4a}</UniqueIdentifier>
    </Filter>
    <Filter Include="src\sqt\orm\value\trivial\basic">
      <UniqueIdentifier>{47e65dcf-8757-4ac6-ab1d-e650489a242c}</UniqueIdentifier>
    </Filter>
    <Filter Include="src\sqt\orm\value\entity">
      <UniqueIdentifier>{90dc9e8b-124c-4a2e-8b38-bbfdbe7ebcc3}</UniqueIdentifier>
    </Filter>
    <Filter Include="src\sqt\orm\value\identifier">
      <UniqueIdentifier>{416bbc45-a0fe-4034-8e44-29d63ae2feb0}</UniqueIdentifier>
    </Filter>
    <Filter Include="src\sqt\orm\table\definition">
      <UniqueIdentifier>{2ffe08ba-dad1-43ec-945a-458e7a5e4a0b}</UniqueIdentifier>
    </Filter>
    <Filter Include="src\sqt\orm\table\index">
      <UniqueIdentifier>{8b4a581e-ecea-416f-83ba-05fd06dafb45}</UniqueIdentifier>
    </Filter>
    <Filter Include="src\sqt\orm\table\primary_key">
      <UniqueIdentifier>{719ca51f-0a5e-44a7-b25d-e9d1a88bb0d9}</UniqueIdentifier>
    </Filter>
  </ItemGroup>
  <ItemGroup>
    <ClCompile Include="sqlite\sqlite3.c">
      <Filter>sqlite</Filter>
    </ClCompile>
    <ClCompile Include="src\sqt\orm\utility\utility.cpp">
      <Filter>src\sqt\orm\utility</Filter>
    </ClCompile>
    <ClCompile Include="src\sqt\foundation\data_type.cpp">
      <Filter>src\sqt\foundation</Filter>
    </ClCompile>
    <ClCompile Include="src\sqt\foundation\database.cpp">
      <Filter>src\sqt\foundation</Filter>
    </ClCompile>
    <ClCompile Include="src\sqt\foundation\statement.cpp">
      <Filter>src\sqt\foundation</Filter>
    </ClCompile>
    <ClCompile Include="src\sqt\foundation\transaction.cpp">
      <Filter>src\sqt\foundation</Filter>
    </ClCompile>
    <ClCompile Include="src\sqt\orm\internal\table_initializer.cpp">
      <Filter>src\sqt\orm\internal</Filter>
    </ClCompile>
  </ItemGroup>
  <ItemGroup>
    <ClInclude Include="sqlite\sqlite3.h">
      <Filter>sqlite</Filter>
    </ClInclude>
    <ClInclude Include="src\sqt\orm\table_definition.h">
      <Filter>src\sqt\orm</Filter>
    </ClInclude>
    <ClInclude Include="src\sqt\orm\table_mapping.h">
      <Filter>src\sqt\orm</Filter>
    </ClInclude>
    <ClInclude Include="src\sqt\orm\utility\utility.h">
      <Filter>src\sqt\orm\utility</Filter>
    </ClInclude>
    <ClInclude Include="src\sqt\orm\data_context.h">
      <Filter>src\sqt\orm</Filter>
    </ClInclude>
    <ClInclude Include="src\sqt\orm\executor\executor.h">
      <Filter>src\sqt\orm\executor</Filter>
    </ClInclude>
    <ClInclude Include="src\sqt\orm\querier\querier_type.h">
      <Filter>src\sqt\orm\querier</Filter>
    </ClInclude>
    <ClInclude Include="src\sqt\orm\querier\selecter\column_selecter.h">
      <Filter>src\sqt\orm\querier\selecter</Filter>
    </ClInclude>
    <ClInclude Include="src\sqt\orm\querier\selecter\entity_selecter.h">
      <Filter>src\sqt\orm\querier\selecter</Filter>
    </ClInclude>
    <ClInclude Include="src\sqt\orm\querier\selecter\limit_select_decorator.h">
      <Filter>src\sqt\orm\querier\selecter</Filter>
    </ClInclude>
    <ClInclude Include="src\sqt\orm\querier\selecter\base_selecter.h">
      <Filter>src\sqt\orm\querier\selecter</Filter>
    </ClInclude>
    <ClInclude Include="src\sqt\orm\querier\selecter\where_select_decorator.h">
      <Filter>src\sqt\orm\querier\selecter</Filter>
    </ClInclude>
    <ClInclude Include="src\sqt\orm\querier\selecter\selecter_type.h">
      <Filter>src\sqt\orm\querier\selecter</Filter>
    </ClInclude>
    <ClInclude Include="src\sqt\orm\expression\expression_like.h">
      <Filter>src\sqt\orm\expression</Filter>
    </ClInclude>
    <ClInclude Include="src\sqt\orm\querier\selecter\limit_select_capability.h">
      <Filter>src\sqt\orm\querier\selecter</Filter>
    </ClInclude>
    <ClInclude Include="src\sqt\orm\executor\iterator.h">
      <Filter>src\sqt\orm\executor</Filter>
    </ClInclude>
    <ClInclude Include="src\sqt\orm\executor\result.h">
      <Filter>src\sqt\orm\executor</Filter>
    </ClInclude>
    <ClInclude Include="src\sqt\foundation\data_type.h">
      <Filter>src\sqt\foundation</Filter>
    </ClInclude>
    <ClInclude Include="src\sqt\foundation\database.h">
      <Filter>src\sqt\foundation</Filter>
    </ClInclude>
    <ClInclude Include="src\sqt\foundation\index_info.h">
      <Filter>src\sqt\foundation</Filter>
    </ClInclude>
    <ClInclude Include="src\sqt\foundation\sql_error.h">
      <Filter>src\sqt\foundation</Filter>
    </ClInclude>
    <ClInclude Include="src\sqt\foundation\statement.h">
      <Filter>src\sqt\foundation</Filter>
    </ClInclude>
    <ClInclude Include="src\sqt\foundation\table_info.h">
      <Filter>src\sqt\foundation</Filter>
    </ClInclude>
    <ClInclude Include="src\sqt\foundation\transaction.h">
      <Filter>src\sqt\foundation</Filter>
    </ClInclude>
    <ClInclude Include="src\sqt\orm\table\abstract_table.h">
      <Filter>src\sqt\orm\table</Filter>
    </ClInclude>
    <ClInclude Include="src\sqt\orm\utility\macro_utility.h">
      <Filter>src\sqt\orm\utility</Filter>
    </ClInclude>
    <ClInclude Include="src\sqt\orm\internal\linked_list.h">
      <Filter>src\sqt\orm\internal</Filter>
    </ClInclude>
    <ClInclude Include="src\sqt\orm\querier\inserter\entity_inserter.h">
      <Filter>src\sqt\orm\querier\inserter</Filter>
    </ClInclude>
    <ClInclude Include="src\sqt\orm\querier\inserter\conflict_action.h">
      <Filter>src\sqt\orm\querier\inserter</Filter>
    </ClInclude>
    <ClInclude Include="src\sqt\orm\expression\assignment.h">
      <Filter>src\sqt\orm\expression</Filter>
    </ClInclude>
    <ClInclude Include="src\sqt\orm\expression\assignment_type.h">
      <Filter>src\sqt\orm\expression</Filter>
    </ClInclude>
    <ClInclude Include="src\sqt\orm\internal\primary_key_helper.h">
      <Filter>src\sqt\orm\internal</Filter>
    </ClInclude>
    <ClInclude Include="src\sqt\orm\expression\operand\entity_value_operand_type.h">
      <Filter>src\sqt\orm\expression\operand</Filter>
    </ClInclude>
    <ClInclude Include="src\sqt\orm\expression\operand\constant_operand.h">
      <Filter>src\sqt\orm\expression\operand</Filter>
    </ClInclude>
    <ClInclude Include="src\sqt\orm\expression\operand\value_operand_type.h">
      <Filter>src\sqt\orm\expression\operand</Filter>
    </ClInclude>
    <ClInclude Include="src\sqt\orm\expression\operand\trivial_value_operand_type.h">
      <Filter>src\sqt\orm\expression\operand</Filter>
    </ClInclude>
    <ClInclude Include="src\sqt\orm\expression\operand\identifier_operand.h">
      <Filter>src\sqt\orm\expression\operand</Filter>
    </ClInclude>
    <ClInclude Include="src\sqt\orm\expression\operand\identifier_operand_type.h">
      <Filter>src\sqt\orm\expression\operand</Filter>
    </ClInclude>
    <ClInclude Include="src\sqt\orm\expression\operand\placeholder.h">
      <Filter>src\sqt\orm\expression\operand</Filter>
    </ClInclude>
    <ClInclude Include="src\sqt\orm\expression\operand\placeholder_operand.h">
      <Filter>src\sqt\orm\expression\operand</Filter>
    </ClInclude>
    <ClInclude Include="src\sqt\orm\expression\operand\operand_type.h">
      <Filter>src\sqt\orm\expression\operand</Filter>
    </ClInclude>
    <ClInclude Include="src\sqt\orm\expression\binder\value_binder.h">
      <Filter>src\sqt\orm\expression\binder</Filter>
    </ClInclude>
    <ClInclude Include="src\sqt\orm\expression\binder\value_binder_chain.h">
      <Filter>src\sqt\orm\expression\binder</Filter>
    </ClInclude>
    <ClInclude Include="src\sqt\orm\expression\binder\value_binder_type.h">
      <Filter>src\sqt\orm\expression\binder</Filter>
    </ClInclude>
    <ClInclude Include="src\sqt\orm\querier\updater\entity_updater.h">
      <Filter>src\sqt\orm\querier\updater</Filter>
    </ClInclude>
    <ClInclude Include="src\sqt\orm\querier\where_decorator.h">
      <Filter>src\sqt\orm\querier</Filter>
    </ClInclude>
    <ClInclude Include="src\sqt\orm\querier\where_capability.h">
      <Filter>src\sqt\orm\querier</Filter>
    </ClInclude>
    <ClInclude Include="src\sqt\orm\querier\updater\column_updater.h">
      <Filter>src\sqt\orm\querier\updater</Filter>
    </ClInclude>
    <ClInclude Include="src\sqt\orm\querier\deleter\deleter.h">
      <Filter>src\sqt\orm\querier\deleter</Filter>
    </ClInclude>
    <ClInclude Include="src\sqt\orm\expression\ordering.h">
      <Filter>src\sqt\orm\expression</Filter>
    </ClInclude>
    <ClInclude Include="src\sqt\orm\expression\ordering_term.h">
      <Filter>src\sqt\orm\expression</Filter>
    </ClInclude>
    <ClInclude Include="src\sqt\orm\querier\selecter\order_by_select_decorator.h">
      <Filter>src\sqt\orm\querier\selecter</Filter>
    </ClInclude>
    <ClInclude Include="src\sqt\orm\expression\ordering_term_type.h">
      <Filter>src\sqt\orm\expression</Filter>
    </ClInclude>
    <ClInclude Include="src\sqt\orm\querier\selecter\order_by_select_capability.h">
      <Filter>src\sqt\orm\querier\selecter</Filter>
    </ClInclude>
    <ClInclude Include="src\sqt\orm\expression\predicate.h">
      <Filter>src\sqt\orm\expression</Filter>
    </ClInclude>
    <ClInclude Include="src\sqt\orm\expression\predicate_operator.h">
      <Filter>src\sqt\orm\expression</Filter>
    </ClInclude>
    <ClInclude Include="src\sqt\orm\expression\assignment_operator.h">
      <Filter>src\sqt\orm\expression</Filter>
    </ClInclude>
    <ClInclude Include="src\sqt\orm\expression\predicate_type.h">
      <Filter>src\sqt\orm\expression</Filter>
    </ClInclude>
    <ClInclude Include="src\sqt\orm\expression\predicate_term_type.h">
      <Filter>src\sqt\orm\expression</Filter>
    </ClInclude>
    <ClInclude Include="src\sqt\orm\table\identifier_type.h">
      <Filter>src\sqt\orm\table</Filter>
    </ClInclude>
    <ClInclude Include="src\sqt\orm\value\entity\entire_entity_value_traits.h">
      <Filter>src\sqt\orm\value\entity</Filter>
    </ClInclude>
    <ClInclude Include="src\sqt\orm\value\entity\entity_value_traits_type.h">
      <Filter>src\sqt\orm\value\entity</Filter>
    </ClInclude>
    <ClInclude Include="src\sqt\orm\value\entity\entity_value_type.h">
      <Filter>src\sqt\orm\value\entity</Filter>
    </ClInclude>
    <ClInclude Include="src\sqt\orm\value\entity\no_primary_key_entity_value_traits.h">
      <Filter>src\sqt\orm\value\entity</Filter>
    </ClInclude>
    <ClInclude Include="src\sqt\orm\value\trivial\trivial_value_type.h">
      <Filter>src\sqt\orm\value\trivial</Filter>
    </ClInclude>
    <ClInclude Include="src\sqt\orm\value\trivial\trivial_value_traits_type.h">
      <Filter>src\sqt\orm\value\trivial</Filter>
    </ClInclude>
    <ClInclude Include="src\sqt\orm\value\trivial\composite\composite_value_type.h">
      <Filter>src\sqt\orm\value\trivial\composite</Filter>
    </ClInclude>
    <ClInclude Include="src\sqt\orm\value\trivial\basic\nullable_value_type.h">
      <Filter>src\sqt\orm\value\trivial\basic</Filter>
    </ClInclude>
    <ClInclude Include="src\sqt\orm\value\trivial\basic\primitive_value_type.h">
      <Filter>src\sqt\orm\value\trivial\basic</Filter>
    </ClInclude>
    <ClInclude Include="src\sqt\orm\value\value_traits_type.h">
      <Filter>src\sqt\orm\value</Filter>
    </ClInclude>
    <ClInclude Include="src\sqt\orm\value\trivial\basic\basic_value_traits_type.h">
      <Filter>src\sqt\orm\value\trivial\basic</Filter>
    </ClInclude>
    <ClInclude Include="src\sqt\orm\value\trivial\basic\nullable_value_traits.h">
      <Filter>src\sqt\orm\value\trivial\basic</Filter>
    </ClInclude>
    <ClInclude Include="src\sqt\orm\value\trivial\basic\primitive_value_traits.h">
      <Filter>src\sqt\orm\value\trivial\basic</Filter>
    </ClInclude>
    <ClInclude Include="src\sqt\orm\value\trivial\composite\composite_value_traits.h">
      <Filter>src\sqt\orm\value\trivial\composite</Filter>
    </ClInclude>
    <ClInclude Include="src\sqt\orm\value\identifier\identifier_value_traits.h">
      <Filter>src\sqt\orm\value\identifier</Filter>
    </ClInclude>
    <ClInclude Include="src\sqt\orm\value\identifier\identifier_value_traits_type.h">
      <Filter>src\sqt\orm\value\identifier</Filter>
    </ClInclude>
    <ClInclude Include="src\sqt\orm\value\trivial\basic\basic_value_traits_mapping.h">
      <Filter>src\sqt\orm\value\trivial\basic</Filter>
    </ClInclude>
    <ClInclude Include="src\sqt\orm\table\definition\column_definition.h">
      <Filter>src\sqt\orm\table\definition</Filter>
    </ClInclude>
    <ClInclude Include="src\sqt\orm\table\definition\index_definition.h">
      <Filter>src\sqt\orm\table\definition</Filter>
    </ClInclude>
    <ClInclude Include="src\sqt\orm\table\definition\primary_key_definition.h">
      <Filter>src\sqt\orm\table\definition</Filter>
    </ClInclude>
    <ClInclude Include="src\sqt\orm\table\definition\expression_definition.h">
      <Filter>src\sqt\orm\table\definition</Filter>
    </ClInclude>
    <ClInclude Include="src\sqt\orm\value\trivial\basic\custom_value_traits.h">
      <Filter>src\sqt\orm\value\trivial\basic</Filter>
    </ClInclude>
    <ClInclude Include="src\sqt\orm\value\trivial\basic\custom_value_type.h">
      <Filter>src\sqt\orm\value\trivial\basic</Filter>
    </ClInclude>
    <ClInclude Include="src\sqt\orm\expression\operand\parameter_count_deduction.h">
      <Filter>src\sqt\orm\expression\operand</Filter>
    </ClInclude>
    <ClInclude Include="src\sqt\orm\value\trivial\composite\composite_value_traits_type.h">
      <Filter>src\sqt\orm\value\trivial\composite</Filter>
    </ClInclude>
    <ClInclude Include="src\sqt\orm\value\trivial\basic\basic_value_type.h">
      <Filter>src\sqt\orm\value\trivial\basic</Filter>
    </ClInclude>
    <ClInclude Include="src\sqt\orm\table\column\value_source_type.h">
      <Filter>src\sqt\orm\table\column</Filter>
    </ClInclude>
    <ClInclude Include="src\sqt\orm\table\column\abstract_column.h">
      <Filter>src\sqt\orm\table\column</Filter>
    </ClInclude>
    <ClInclude Include="src\sqt\orm\table\column\column.h">
      <Filter>src\sqt\orm\table\column</Filter>
    </ClInclude>
    <ClInclude Include="src\sqt\orm\table\column\column_type.h">
      <Filter>src\sqt\orm\table\column</Filter>
    </ClInclude>
    <ClInclude Include="src\sqt\orm\table\column\composite_column.h">
      <Filter>src\sqt\orm\table\column</Filter>
    </ClInclude>
    <ClInclude Include="src\sqt\orm\table\column\composite_column_type.h">
      <Filter>src\sqt\orm\table\column</Filter>
    </ClInclude>
    <ClInclude Include="src\sqt\orm\table\index\abstract_index.h">
      <Filter>src\sqt\orm\table\index</Filter>
    </ClInclude>
    <ClInclude Include="src\sqt\orm\table\primary_key\abstract_primary_key.h">
      <Filter>src\sqt\orm\table\primary_key</Filter>
    </ClInclude>
    <ClInclude Include="src\sqt\orm\table\primary_key\primary_key.h">
      <Filter>src\sqt\orm\table\primary_key</Filter>
    </ClInclude>
    <ClInclude Include="src\sqt\foundation\step_result.h">
      <Filter>src\sqt\foundation</Filter>
    </ClInclude>
    <ClInclude Include="src\sqt\orm\internal\table_initializer.h">
      <Filter>src\sqt\orm\internal</Filter>
    </ClInclude>
    <ClInclude Include="src\sqt\orm\internal\column_helper.h">
      <Filter>src\sqt\orm\internal</Filter>
    </ClInclude>
    <ClInclude Include="src\sqt\orm\querier\inserter\column_inserter.h">
      <Filter>src\sqt\orm\querier\inserter</Filter>
    </ClInclude>
    <ClInclude Include="src\sqt\orm\internal\assignment_helper.h">
      <Filter>src\sqt\orm\internal</Filter>
    </ClInclude>
  </ItemGroup>
</Project>