<?xml version="1.0" encoding="utf-8"?>
<Project ToolsVersion="4.0" xmlns="http://schemas.microsoft.com/developer/msbuild/2003">
  <ItemGroup>
    <Filter Include="src">
      <UniqueIdentifier>{c9725714-7931-48d9-ad2a-bc0c167feed5}</UniqueIdentifier>
    </Filter>
    <Filter Include="sqlite">
      <UniqueIdentifier>{5bca8af7-537d-4486-9c25-13f7aaebfa3f}</UniqueIdentifier>
    </Filter>
    <Filter Include="src\sqt">
      <UniqueIdentifier>{aed0e198-da26-44c6-b978-b8ddfeadbb5f}</UniqueIdentifier>
    </Filter>
    <Filter Include="src\sqt\orm">
      <UniqueIdentifier>{4099a156-4bb9-45a4-8006-3a13c1517cd5}</UniqueIdentifier>
    </Filter>
    <Filter Include="src\sqt\core">
      <UniqueIdentifier>{8ead45c6-dfcf-4cc4-bc20-47245a05749d}</UniqueIdentifier>
    </Filter>
    <Filter Include="src\sqt\orm\value_type">
      <UniqueIdentifier>{9902a23c-7f16-4fd1-a49f-ff2a4150d397}</UniqueIdentifier>
    </Filter>
    <Filter Include="src\sqt\orm\select">
      <UniqueIdentifier>{d4a4df00-d9f2-447e-b81b-255341cc8ad4}</UniqueIdentifier>
    </Filter>
    <Filter Include="src\sqt\orm\utility">
      <UniqueIdentifier>{f81443f2-ead3-4971-874c-acf471aa03a1}</UniqueIdentifier>
    </Filter>
    <Filter Include="src\sqt\orm\executor">
      <UniqueIdentifier>{c4416396-feb8-460f-8c83-c71798422f5e}</UniqueIdentifier>
    </Filter>
    <Filter Include="src\sqt\orm\binder">
      <UniqueIdentifier>{3dd9247c-a082-425f-a83f-e1b38df7ee31}</UniqueIdentifier>
    </Filter>
    <Filter Include="src\sqt\orm\expression">
      <UniqueIdentifier>{16a8be46-0029-4a38-9945-0de85d95806b}</UniqueIdentifier>
    </Filter>
  </ItemGroup>
  <ItemGroup>
    <ClCompile Include="sqlite\sqlite3.c">
      <Filter>sqlite</Filter>
    </ClCompile>
    <ClCompile Include="src\sqt\core\data_type.cpp">
      <Filter>src\sqt\core</Filter>
    </ClCompile>
    <ClCompile Include="src\sqt\core\database.cpp">
      <Filter>src\sqt\core</Filter>
    </ClCompile>
    <ClCompile Include="src\sqt\core\statement.cpp">
      <Filter>src\sqt\core</Filter>
    </ClCompile>
    <ClCompile Include="src\sqt\core\transaction.cpp">
      <Filter>src\sqt\core</Filter>
    </ClCompile>
    <ClCompile Include="src\sqt\orm\utility\utility.cpp">
      <Filter>src\sqt\orm\utility</Filter>
    </ClCompile>
  </ItemGroup>
  <ItemGroup>
    <ClInclude Include="sqlite\sqlite3.h">
      <Filter>sqlite</Filter>
    </ClInclude>
    <ClInclude Include="src\sqt\core\data_type.h">
      <Filter>src\sqt\core</Filter>
    </ClInclude>
    <ClInclude Include="src\sqt\core\database.h">
      <Filter>src\sqt\core</Filter>
    </ClInclude>
    <ClInclude Include="src\sqt\core\index_info.h">
      <Filter>src\sqt\core</Filter>
    </ClInclude>
    <ClInclude Include="src\sqt\core\sql_error.h">
      <Filter>src\sqt\core</Filter>
    </ClInclude>
    <ClInclude Include="src\sqt\core\statement.h">
      <Filter>src\sqt\core</Filter>
    </ClInclude>
    <ClInclude Include="src\sqt\core\table_info.h">
      <Filter>src\sqt\core</Filter>
    </ClInclude>
    <ClInclude Include="src\sqt\core\transaction.h">
      <Filter>src\sqt\core</Filter>
    </ClInclude>
    <ClInclude Include="src\sqt\orm\abstract_table.h">
      <Filter>src\sqt\orm</Filter>
    </ClInclude>
    <ClInclude Include="src\sqt\orm\orm_support.h">
      <Filter>src\sqt\orm</Filter>
    </ClInclude>
    <ClInclude Include="src\sqt\orm\abstract_column.h">
      <Filter>src\sqt\orm</Filter>
    </ClInclude>
    <ClInclude Include="src\sqt\orm\column.h">
      <Filter>src\sqt\orm</Filter>
    </ClInclude>
    <ClInclude Include="src\sqt\orm\value_type\composite_value_type.h">
      <Filter>src\sqt\orm\value_type</Filter>
    </ClInclude>
    <ClInclude Include="src\sqt\orm\value_type\data_type_mapping.h">
      <Filter>src\sqt\orm\value_type</Filter>
    </ClInclude>
    <ClInclude Include="src\sqt\orm\value_type\nullable_value_type.h">
      <Filter>src\sqt\orm\value_type</Filter>
    </ClInclude>
    <ClInclude Include="src\sqt\orm\value_type\primitive_value_type.h">
      <Filter>src\sqt\orm\value_type</Filter>
    </ClInclude>
    <ClInclude Include="src\sqt\orm\value_type\value_type_traits.h">
      <Filter>src\sqt\orm\value_type</Filter>
    </ClInclude>
    <ClInclude Include="src\sqt\orm\table_mapping.h">
      <Filter>src\sqt\orm</Filter>
    </ClInclude>
    <ClInclude Include="src\sqt\orm\select\primitive_selecter.h">
      <Filter>src\sqt\orm\select</Filter>
    </ClInclude>
    <ClInclude Include="src\sqt\orm\select\column_selecter.h">
      <Filter>src\sqt\orm\select</Filter>
    </ClInclude>
    <ClInclude Include="src\sqt\orm\select\entity_selecter.h">
      <Filter>src\sqt\orm\select</Filter>
    </ClInclude>
    <ClInclude Include="src\sqt\orm\utility\utility.h">
      <Filter>src\sqt\orm\utility</Filter>
    </ClInclude>
    <ClInclude Include="src\sqt\orm\data_context.h">
      <Filter>src\sqt\orm</Filter>
    </ClInclude>
    <ClInclude Include="src\sqt\orm\executor\executor.h">
      <Filter>src\sqt\orm\executor</Filter>
    </ClInclude>
    <ClInclude Include="src\sqt\orm\binder\entity_binder.h">
      <Filter>src\sqt\orm\binder</Filter>
    </ClInclude>
    <ClInclude Include="src\sqt\orm\binder\binder_chain.h">
      <Filter>src\sqt\orm\binder</Filter>
    </ClInclude>
    <ClInclude Include="src\sqt\orm\expression\placeholder.h">
      <Filter>src\sqt\orm\expression</Filter>
    </ClInclude>
    <ClInclude Include="src\sqt\orm\select\limit_selecter.h">
      <Filter>src\sqt\orm\select</Filter>
    </ClInclude>
    <ClInclude Include="src\sqt\orm\binder\value_binder.h">
      <Filter>src\sqt\orm\binder</Filter>
    </ClInclude>
    <ClInclude Include="src\sqt\orm\expression\operand.h">
      <Filter>src\sqt\orm\expression</Filter>
    </ClInclude>
    <ClInclude Include="src\sqt\orm\value_type\bindable_value_type.h">
      <Filter>src\sqt\orm\value_type</Filter>
    </ClInclude>
  </ItemGroup>
</Project>