<?xml version="1.0" encoding="utf-8"?>
<Project ToolsVersion="4.0" xmlns="http://schemas.microsoft.com/developer/msbuild/2003">
  <ItemGroup>
    <Filter Include="src">
      <UniqueIdentifier>{c9725714-7931-48d9-ad2a-bc0c167feed5}</UniqueIdentifier>
    </Filter>
    <Filter Include="sqlite">
      <UniqueIdentifier>{5bca8af7-537d-4486-9c25-13f7aaebfa3f}</UniqueIdentifier>
    </Filter>
    <Filter Include="src\sqt">
      <UniqueIdentifier>{aed0e198-da26-44c6-b978-b8ddfeadbb5f}</UniqueIdentifier>
    </Filter>
    <Filter Include="src\sqt\orm">
      <UniqueIdentifier>{4099a156-4bb9-45a4-8006-3a13c1517cd5}</UniqueIdentifier>
    </Filter>
    <Filter Include="src\sqt\orm\value_type">
      <UniqueIdentifier>{9902a23c-7f16-4fd1-a49f-ff2a4150d397}</UniqueIdentifier>
    </Filter>
    <Filter Include="src\sqt\orm\utility">
      <UniqueIdentifier>{f81443f2-ead3-4971-874c-acf471aa03a1}</UniqueIdentifier>
    </Filter>
    <Filter Include="src\sqt\orm\executor">
      <UniqueIdentifier>{c4416396-feb8-460f-8c83-c71798422f5e}</UniqueIdentifier>
    </Filter>
    <Filter Include="src\sqt\orm\binder">
      <UniqueIdentifier>{3dd9247c-a082-425f-a83f-e1b38df7ee31}</UniqueIdentifier>
    </Filter>
    <Filter Include="src\sqt\orm\expression">
      <UniqueIdentifier>{16a8be46-0029-4a38-9945-0de85d95806b}</UniqueIdentifier>
    </Filter>
    <Filter Include="src\sqt\orm\querier">
      <UniqueIdentifier>{f1ac8a31-e33e-43f8-a57e-4e68ea8bf7a8}</UniqueIdentifier>
    </Filter>
    <Filter Include="src\sqt\orm\querier\selecter">
      <UniqueIdentifier>{f217c39a-aa86-4815-a5d1-1e052b3cccff}</UniqueIdentifier>
    </Filter>
    <Filter Include="src\sqt\foundation">
      <UniqueIdentifier>{b58c6c96-efe2-411b-bb84-d43aa99ab0d8}</UniqueIdentifier>
    </Filter>
    <Filter Include="src\sqt\orm\table">
      <UniqueIdentifier>{9815fec2-0a59-4753-8c2d-798b2db55973}</UniqueIdentifier>
    </Filter>
    <Filter Include="src\sqt\orm\internal">
      <UniqueIdentifier>{15853671-0fad-4629-ba12-b1286265c6c5}</UniqueIdentifier>
    </Filter>
    <Filter Include="src\sqt\orm\querier\inserter">
      <UniqueIdentifier>{6c97785b-d4d2-4f10-98fd-7662e023f41b}</UniqueIdentifier>
    </Filter>
  </ItemGroup>
  <ItemGroup>
    <ClCompile Include="sqlite\sqlite3.c">
      <Filter>sqlite</Filter>
    </ClCompile>
    <ClCompile Include="src\sqt\orm\utility\utility.cpp">
      <Filter>src\sqt\orm\utility</Filter>
    </ClCompile>
    <ClCompile Include="src\sqt\orm\expression\operator.cpp">
      <Filter>src\sqt\orm\expression</Filter>
    </ClCompile>
    <ClCompile Include="src\sqt\foundation\data_type.cpp">
      <Filter>src\sqt\foundation</Filter>
    </ClCompile>
    <ClCompile Include="src\sqt\foundation\database.cpp">
      <Filter>src\sqt\foundation</Filter>
    </ClCompile>
    <ClCompile Include="src\sqt\foundation\statement.cpp">
      <Filter>src\sqt\foundation</Filter>
    </ClCompile>
    <ClCompile Include="src\sqt\foundation\transaction.cpp">
      <Filter>src\sqt\foundation</Filter>
    </ClCompile>
    <ClCompile Include="src\sqt\orm\table\table_initializer.cpp">
      <Filter>src\sqt\orm\table</Filter>
    </ClCompile>
  </ItemGroup>
  <ItemGroup>
    <ClInclude Include="sqlite\sqlite3.h">
      <Filter>sqlite</Filter>
    </ClInclude>
    <ClInclude Include="src\sqt\orm\orm_support.h">
      <Filter>src\sqt\orm</Filter>
    </ClInclude>
    <ClInclude Include="src\sqt\orm\value_type\composite_value_type.h">
      <Filter>src\sqt\orm\value_type</Filter>
    </ClInclude>
    <ClInclude Include="src\sqt\orm\value_type\data_type_mapping.h">
      <Filter>src\sqt\orm\value_type</Filter>
    </ClInclude>
    <ClInclude Include="src\sqt\orm\value_type\nullable_value_type.h">
      <Filter>src\sqt\orm\value_type</Filter>
    </ClInclude>
    <ClInclude Include="src\sqt\orm\value_type\primitive_value_type.h">
      <Filter>src\sqt\orm\value_type</Filter>
    </ClInclude>
    <ClInclude Include="src\sqt\orm\value_type\value_type_traits.h">
      <Filter>src\sqt\orm\value_type</Filter>
    </ClInclude>
    <ClInclude Include="src\sqt\orm\table_mapping.h">
      <Filter>src\sqt\orm</Filter>
    </ClInclude>
    <ClInclude Include="src\sqt\orm\utility\utility.h">
      <Filter>src\sqt\orm\utility</Filter>
    </ClInclude>
    <ClInclude Include="src\sqt\orm\data_context.h">
      <Filter>src\sqt\orm</Filter>
    </ClInclude>
    <ClInclude Include="src\sqt\orm\executor\executor.h">
      <Filter>src\sqt\orm\executor</Filter>
    </ClInclude>
    <ClInclude Include="src\sqt\orm\binder\entity_binder.h">
      <Filter>src\sqt\orm\binder</Filter>
    </ClInclude>
    <ClInclude Include="src\sqt\orm\binder\binder_chain.h">
      <Filter>src\sqt\orm\binder</Filter>
    </ClInclude>
    <ClInclude Include="src\sqt\orm\expression\placeholder.h">
      <Filter>src\sqt\orm\expression</Filter>
    </ClInclude>
    <ClInclude Include="src\sqt\orm\binder\value_binder.h">
      <Filter>src\sqt\orm\binder</Filter>
    </ClInclude>
    <ClInclude Include="src\sqt\orm\expression\operand.h">
      <Filter>src\sqt\orm\expression</Filter>
    </ClInclude>
    <ClInclude Include="src\sqt\orm\value_type\bindable_value_type.h">
      <Filter>src\sqt\orm\value_type</Filter>
    </ClInclude>
    <ClInclude Include="src\sqt\orm\querier\querier_like.h">
      <Filter>src\sqt\orm\querier</Filter>
    </ClInclude>
    <ClInclude Include="src\sqt\orm\binder\binder_like.h">
      <Filter>src\sqt\orm\binder</Filter>
    </ClInclude>
    <ClInclude Include="src\sqt\orm\querier\selecter\column_selecter.h">
      <Filter>src\sqt\orm\querier\selecter</Filter>
    </ClInclude>
    <ClInclude Include="src\sqt\orm\querier\selecter\entity_selecter.h">
      <Filter>src\sqt\orm\querier\selecter</Filter>
    </ClInclude>
    <ClInclude Include="src\sqt\orm\querier\selecter\limit_selecter.h">
      <Filter>src\sqt\orm\querier\selecter</Filter>
    </ClInclude>
    <ClInclude Include="src\sqt\orm\querier\selecter\primitive_selecter.h">
      <Filter>src\sqt\orm\querier\selecter</Filter>
    </ClInclude>
    <ClInclude Include="src\sqt\orm\querier\selecter\where_selecter.h">
      <Filter>src\sqt\orm\querier\selecter</Filter>
    </ClInclude>
    <ClInclude Include="src\sqt\orm\querier\selecter\selecter_like.h">
      <Filter>src\sqt\orm\querier\selecter</Filter>
    </ClInclude>
    <ClInclude Include="src\sqt\orm\expression\expression.h">
      <Filter>src\sqt\orm\expression</Filter>
    </ClInclude>
    <ClInclude Include="src\sqt\orm\expression\expression_support.h">
      <Filter>src\sqt\orm\expression</Filter>
    </ClInclude>
    <ClInclude Include="src\sqt\orm\expression\operator.h">
      <Filter>src\sqt\orm\expression</Filter>
    </ClInclude>
    <ClInclude Include="src\sqt\orm\expression\expression_like.h">
      <Filter>src\sqt\orm\expression</Filter>
    </ClInclude>
    <ClInclude Include="src\sqt\orm\querier\selecter\limit_capacity.h">
      <Filter>src\sqt\orm\querier\selecter</Filter>
    </ClInclude>
    <ClInclude Include="src\sqt\orm\querier\selecter\where_capacity.h">
      <Filter>src\sqt\orm\querier\selecter</Filter>
    </ClInclude>
    <ClInclude Include="src\sqt\orm\executor\iterator.h">
      <Filter>src\sqt\orm\executor</Filter>
    </ClInclude>
    <ClInclude Include="src\sqt\orm\executor\result.h">
      <Filter>src\sqt\orm\executor</Filter>
    </ClInclude>
    <ClInclude Include="src\sqt\foundation\data_type.h">
      <Filter>src\sqt\foundation</Filter>
    </ClInclude>
    <ClInclude Include="src\sqt\foundation\database.h">
      <Filter>src\sqt\foundation</Filter>
    </ClInclude>
    <ClInclude Include="src\sqt\foundation\index_info.h">
      <Filter>src\sqt\foundation</Filter>
    </ClInclude>
    <ClInclude Include="src\sqt\foundation\sql_error.h">
      <Filter>src\sqt\foundation</Filter>
    </ClInclude>
    <ClInclude Include="src\sqt\foundation\statement.h">
      <Filter>src\sqt\foundation</Filter>
    </ClInclude>
    <ClInclude Include="src\sqt\foundation\table_info.h">
      <Filter>src\sqt\foundation</Filter>
    </ClInclude>
    <ClInclude Include="src\sqt\foundation\transaction.h">
      <Filter>src\sqt\foundation</Filter>
    </ClInclude>
    <ClInclude Include="src\sqt\orm\table\abstract_table.h">
      <Filter>src\sqt\orm\table</Filter>
    </ClInclude>
    <ClInclude Include="src\sqt\orm\utility\macro_utility.h">
      <Filter>src\sqt\orm\utility</Filter>
    </ClInclude>
    <ClInclude Include="src\sqt\orm\internal\linked_list.h">
      <Filter>src\sqt\orm\internal</Filter>
    </ClInclude>
    <ClInclude Include="src\sqt\orm\table\abstract_column.h">
      <Filter>src\sqt\orm\table</Filter>
    </ClInclude>
    <ClInclude Include="src\sqt\orm\table\abstract_index.h">
      <Filter>src\sqt\orm\table</Filter>
    </ClInclude>
    <ClInclude Include="src\sqt\orm\table\column.h">
      <Filter>src\sqt\orm\table</Filter>
    </ClInclude>
    <ClInclude Include="src\sqt\orm\table\column_like.h">
      <Filter>src\sqt\orm\table</Filter>
    </ClInclude>
    <ClInclude Include="src\sqt\orm\table\composite_column.h">
      <Filter>src\sqt\orm\table</Filter>
    </ClInclude>
    <ClInclude Include="src\sqt\orm\table\index_support.h">
      <Filter>src\sqt\orm\table</Filter>
    </ClInclude>
    <ClInclude Include="src\sqt\orm\table\table_initializer.h">
      <Filter>src\sqt\orm\table</Filter>
    </ClInclude>
    <ClInclude Include="src\sqt\orm\table\primary_key.h">
      <Filter>src\sqt\orm\table</Filter>
    </ClInclude>
    <ClInclude Include="src\sqt\orm\table\abstract_primary_key.h">
      <Filter>src\sqt\orm\table</Filter>
    </ClInclude>
    <ClInclude Include="src\sqt\orm\table\primary_key_support.h">
      <Filter>src\sqt\orm\table</Filter>
    </ClInclude>
    <ClInclude Include="src\sqt\orm\querier\inserter\entity_inserter.h">
      <Filter>src\sqt\orm\querier\inserter</Filter>
    </ClInclude>
    <ClInclude Include="src\sqt\orm\querier\inserter\conflict_action.h">
      <Filter>src\sqt\orm\querier\inserter</Filter>
    </ClInclude>
    <ClInclude Include="src\sqt\orm\expression\assignment.h">
      <Filter>src\sqt\orm\expression</Filter>
    </ClInclude>
    <ClInclude Include="src\sqt\orm\table\table_like.h">
      <Filter>src\sqt\orm\table</Filter>
    </ClInclude>
    <ClInclude Include="src\sqt\orm\expression\identifier_operand.h">
      <Filter>src\sqt\orm\expression</Filter>
    </ClInclude>
    <ClInclude Include="src\sqt\orm\expression\identifier_operand_like.h">
      <Filter>src\sqt\orm\expression</Filter>
    </ClInclude>
    <ClInclude Include="src\sqt\orm\expression\value_operand.h">
      <Filter>src\sqt\orm\expression</Filter>
    </ClInclude>
    <ClInclude Include="src\sqt\orm\expression\value_operand_like.h">
      <Filter>src\sqt\orm\expression</Filter>
    </ClInclude>
    <ClInclude Include="src\sqt\orm\expression\assignment_like.h">
      <Filter>src\sqt\orm\expression</Filter>
    </ClInclude>
    <ClInclude Include="src\sqt\orm\value_type\entity_value_type.h">
      <Filter>src\sqt\orm\value_type</Filter>
    </ClInclude>
    <ClInclude Include="src\sqt\orm\value_type\value_traits_like.h">
      <Filter>src\sqt\orm\value_type</Filter>
    </ClInclude>
    <ClInclude Include="src\sqt\orm\value_type\entire_entity_value_traits.h">
      <Filter>src\sqt\orm\value_type</Filter>
    </ClInclude>
    <ClInclude Include="src\sqt\orm\value_type\entity_value_like.h">
      <Filter>src\sqt\orm\value_type</Filter>
    </ClInclude>
    <ClInclude Include="src\sqt\orm\value_type\auto_inc_entity_value_traits.h">
      <Filter>src\sqt\orm\value_type</Filter>
    </ClInclude>
    <ClInclude Include="src\sqt\orm\internal\primary_key_helper.h">
      <Filter>src\sqt\orm\internal</Filter>
    </ClInclude>
  </ItemGroup>
</Project>