<?xml version="1.0" encoding="utf-8"?>
<Project ToolsVersion="4.0" xmlns="http://schemas.microsoft.com/developer/msbuild/2003">
  <ItemGroup>
    <Filter Include="test">
      <UniqueIdentifier>{95192bad-e7be-4329-9310-359055f2ec7d}</UniqueIdentifier>
    </Filter>
    <Filter Include="test\unit_test">
      <UniqueIdentifier>{53d4b860-5f36-474f-a9b0-fd8e4254d388}</UniqueIdentifier>
    </Filter>
    <Filter Include="test\unit_test\data_context">
      <UniqueIdentifier>{8c9aea6b-d688-46ec-ba17-216a3c96483b}</UniqueIdentifier>
    </Filter>
    <Filter Include="test\unit_test\value">
      <UniqueIdentifier>{22691689-b09e-4b70-acfc-858e1913dbbb}</UniqueIdentifier>
    </Filter>
    <Filter Include="test\unit_test\table">
      <UniqueIdentifier>{ae67d36d-87b5-4078-bf81-003e2f67299b}</UniqueIdentifier>
    </Filter>
    <Filter Include="test\unit_test\fixture">
      <UniqueIdentifier>{ab31d570-b663-44b8-91ca-cfef047a2327}</UniqueIdentifier>
    </Filter>
    <Filter Include="test\unit_test\table\column">
      <UniqueIdentifier>{df566277-4f4a-4ab2-b714-3f2a9154fbf0}</UniqueIdentifier>
    </Filter>
    <Filter Include="test\unit_test\table\definition">
      <UniqueIdentifier>{579b6e2e-5b31-42bb-a018-7841d9689f10}</UniqueIdentifier>
    </Filter>
  </ItemGroup>
  <ItemGroup>
    <ClCompile Include="test\main.cpp">
      <Filter>test</Filter>
    </ClCompile>
    <ClCompile Include="test\unit_test\composite_column_test.cpp">
      <Filter>test\unit_test</Filter>
    </ClCompile>
    <ClCompile Include="test\unit_test\data_context_test_fixture.cpp">
      <Filter>test\unit_test</Filter>
    </ClCompile>
    <ClCompile Include="test\unit_test\db_test_fixture.cpp">
      <Filter>test\unit_test</Filter>
    </ClCompile>
    <ClCompile Include="test\unit_test\deleter_test.cpp">
      <Filter>test\unit_test</Filter>
    </ClCompile>
    <ClCompile Include="test\unit_test\inserter_test.cpp">
      <Filter>test\unit_test</Filter>
    </ClCompile>
    <ClCompile Include="test\unit_test\orm_support_test.cpp">
      <Filter>test\unit_test</Filter>
    </ClCompile>
    <ClCompile Include="test\unit_test\selecter_test.cpp">
      <Filter>test\unit_test</Filter>
    </ClCompile>
    <ClCompile Include="test\unit_test\table_initializer_test.cpp">
      <Filter>test\unit_test</Filter>
    </ClCompile>
    <ClCompile Include="test\unit_test\updater_test.cpp">
      <Filter>test\unit_test</Filter>
    </ClCompile>
    <ClCompile Include="test\test_environment.cpp">
      <Filter>test</Filter>
    </ClCompile>
    <ClCompile Include="test\unit_test\data_context\data_context_delete_test.cpp">
      <Filter>test\unit_test\data_context</Filter>
    </ClCompile>
    <ClCompile Include="test\unit_test\data_context\data_context_insert_test.cpp">
      <Filter>test\unit_test\data_context</Filter>
    </ClCompile>
    <ClCompile Include="test\unit_test\data_context\data_context_select_test.cpp">
      <Filter>test\unit_test\data_context</Filter>
    </ClCompile>
    <ClCompile Include="test\unit_test\data_context\data_context_update_test.cpp">
      <Filter>test\unit_test\data_context</Filter>
    </ClCompile>
    <ClCompile Include="test\unit_test\data_context\data_context_basic_test.cpp">
      <Filter>test\unit_test\data_context</Filter>
    </ClCompile>
    <ClCompile Include="test\unit_test\value\primitive_value_test.cpp">
      <Filter>test\unit_test\value</Filter>
    </ClCompile>
    <ClCompile Include="test\unit_test\value\nullable_value_test.cpp">
      <Filter>test\unit_test\value</Filter>
    </ClCompile>
    <ClCompile Include="test\unit_test\value\custom_value_test.cpp">
      <Filter>test\unit_test\value</Filter>
    </ClCompile>
    <ClCompile Include="test\unit_test\value\composite_value_test.cpp">
      <Filter>test\unit_test\value</Filter>
    </ClCompile>
    <ClCompile Include="test\unit_test\table\column\value_source_test.cpp">
      <Filter>test\unit_test\table\column</Filter>
    </ClCompile>
    <ClCompile Include="test\unit_test\table\definition\table_definition_scope_test.cpp">
      <Filter>test\unit_test\table\definition</Filter>
    </ClCompile>
    <ClCompile Include="test\unit_test\table_definition\table_definition_test.cpp">
      <Filter>test\unit_test\table\definition</Filter>
    </ClCompile>
    <ClCompile Include="test\unit_test\table\definition\column_definition_test.cpp">
      <Filter>test\unit_test\table\definition</Filter>
    </ClCompile>
  </ItemGroup>
  <ItemGroup>
    <None Include="packages.config" />
  </ItemGroup>
  <ItemGroup>
    <ClInclude Include="test\unit_test\data_context_test_fixture.h">
      <Filter>test\unit_test</Filter>
    </ClInclude>
    <ClInclude Include="test\unit_test\db_test_fixture.h">
      <Filter>test\unit_test</Filter>
    </ClInclude>
    <ClInclude Include="test\unit_test\orm_support_test.h">
      <Filter>test\unit_test</Filter>
    </ClInclude>
    <ClInclude Include="test\test_environment.h">
      <Filter>test</Filter>
    </ClInclude>
    <ClInclude Include="test\unit_test\fixture\blob.h">
      <Filter>test\unit_test\fixture</Filter>
    </ClInclude>
    <ClInclude Include="test\unit_test\fixture\test_entities.h">
      <Filter>test\unit_test\fixture</Filter>
    </ClInclude>
  </ItemGroup>
</Project>